
Microsoft Visual Studio Solution File, Format Version 12.00
# Visual Studio 15
Project("{FAE04EC0-301F-11D3-BF4B-00C04F79EFBC}") = "Assembly-CSharp", "Assembly-CSharp.csproj", "{2B558CE4-1E23-9E39-A6F5-729CC9AE405A}"
EndProject
Project("{FAE04EC0-301F-11D3-BF4B-00C04F79EFBC}") = "Assembly-CSharp-firstpass", "Assembly-CSharp-firstpass.csproj", "{C87EA08E-5E7E-895F-B452-07B6AC0CF755}"
EndProject
Global
	GlobalSection(SolutionConfigurationPlatforms) = preSolution
		Debug|Any CPU = Debug|Any CPU
		Release|Any CPU = Release|Any CPU
	EndGlobalSection
	GlobalSection(ProjectConfigurationPlatforms) = postSolution
		{2B558CE4-1E23-9E39-A6F5-729CC9AE405A}.Debug|Any CPU.ActiveCfg = Debug|Any CPU
		{2B558CE4-1E23-9E39-A6F5-729CC9AE405A}.Debug|Any CPU.Build.0 = Debug|Any CPU
		{2B558CE4-1E23-9E39-A6F5-729CC9AE405A}.Release|Any CPU.ActiveCfg = Release|Any CPU
		{2B558CE4-1E23-9E39-A6F5-729CC9AE405A}.Release|Any CPU.Build.0 = Release|Any CPU
		{C87EA08E-5E7E-895F-B452-07B6AC0CF755}.Debug|Any CPU.ActiveCfg = Debug|Any CPU
		{C87EA08E-5E7E-895F-B452-07B6AC0CF755}.Debug|Any CPU.Build.0 = Debug|Any CPU
		{C87EA08E-5E7E-895F-B452-07B6AC0CF755}.Release|Any CPU.ActiveCfg = Release|Any CPU
		{C87EA08E-5E7E-895F-B452-07B6AC0CF755}.Release|Any CPU.Build.0 = Release|Any CPU
	EndGlobalSection
	GlobalSection(SolutionProperties) = preSolution
		HideSolutionNode = FALSE
	EndGlobalSection
EndGlobal
